// !$*UTF8*$!
{
	archiveVersion = 1;
	classes = {
	};
	objectVersion = 48;
	objects = {

/* Begin PBXBuildFile section */
		84F7AA512022E0550046DA05 /* AppDelegate.m in Sources */ = {isa = PBXBuildFile; fileRef = 84F7AA502022E0550046DA05 /* AppDelegate.m */; };
		84F7AA542022E0550046DA05 /* ViewController.m in Sources */ = {isa = PBXBuildFile; fileRef = 84F7AA532022E0550046DA05 /* ViewController.m */; };
		84F7AA572022E0550046DA05 /* Main.storyboard in Resources */ = {isa = PBXBuildFile; fileRef = 84F7AA552022E0550046DA05 /* Main.storyboard */; };
		84F7AA592022E0550046DA05 /* Assets.xcassets in Resources */ = {isa = PBXBuildFile; fileRef = 84F7AA582022E0550046DA05 /* Assets.xcassets */; };
		84F7AA5C2022E0550046DA05 /* LaunchScreen.storyboard in Resources */ = {isa = PBXBuildFile; fileRef = 84F7AA5A2022E0550046DA05 /* LaunchScreen.storyboard */; };
		84F7AA5F2022E0550046DA05 /* main.m in Sources */ = {isa = PBXBuildFile; fileRef = 84F7AA5E2022E0550046DA05 /* main.m */; };
		84F7AA692022E0560046DA05 /* WYDImageSelectorUITests.m in Sources */ = {isa = PBXBuildFile; fileRef = 84F7AA682022E0560046DA05 /* WYDImageSelectorUITests.m */; };
		84F7AA762022E0C30046DA05 /* ImageCollectionView.m in Sources */ = {isa = PBXBuildFile; fileRef = 84F7AA752022E0C30046DA05 /* ImageCollectionView.m */; };
		84F7AA812022E3140046DA05 /* ImageCollectionCell.m in Sources */ = {isa = PBXBuildFile; fileRef = 84F7AA802022E3140046DA05 /* ImageCollectionCell.m */; };
		84F7AAC62022E7790046DA05 /* LGPhotoPickerBrowserPhoto.m in Sources */ = {isa = PBXBuildFile; fileRef = 84F7AA862022E6D00046DA05 /* LGPhotoPickerBrowserPhoto.m */; };
		84F7AAC72022E7790046DA05 /* LGPhotoRect.m in Sources */ = {isa = PBXBuildFile; fileRef = 84F7AA882022E6D00046DA05 /* LGPhotoRect.m */; };
		84F7AAC82022E7790046DA05 /* LGPhotoPickerBrowserViewController.m in Sources */ = {isa = PBXBuildFile; fileRef = 84F7AA8B2022E6D00046DA05 /* LGPhotoPickerBrowserViewController.m */; };
		84F7AAC92022E7790046DA05 /* LGImagePickerSelectView.m in Sources */ = {isa = PBXBuildFile; fileRef = 84F7AA8E2022E6D00046DA05 /* LGImagePickerSelectView.m */; };
		84F7AACA2022E7790046DA05 /* LGPhotoPickerBrowserPhotoImageView.m in Sources */ = {isa = PBXBuildFile; fileRef = 84F7AA902022E6D00046DA05 /* LGPhotoPickerBrowserPhotoImageView.m */; };
		84F7AACB2022E7790046DA05 /* LGPhotoPickerBrowserPhotoScrollView.m in Sources */ = {isa = PBXBuildFile; fileRef = 84F7AA922022E6D00046DA05 /* LGPhotoPickerBrowserPhotoScrollView.m */; };
		84F7AACC2022E7790046DA05 /* LGPhotoPickerBrowserPhotoView.m in Sources */ = {isa = PBXBuildFile; fileRef = 84F7AA942022E6D00046DA05 /* LGPhotoPickerBrowserPhotoView.m */; };
		84F7AACD2022E7790046DA05 /* LGPhotoPickerCustomToolBarView.m in Sources */ = {isa = PBXBuildFile; fileRef = 84F7AA962022E6D00046DA05 /* LGPhotoPickerCustomToolBarView.m */; };
		84F7AACE2022E7790046DA05 /* LGPhotoAssets.m in Sources */ = {isa = PBXBuildFile; fileRef = 84F7AAA22022E6D00046DA05 /* LGPhotoAssets.m */; };
		84F7AACF2022E7790046DA05 /* LGPhotoPickerDatas.m in Sources */ = {isa = PBXBuildFile; fileRef = 84F7AAA42022E6D00046DA05 /* LGPhotoPickerDatas.m */; };
		84F7AAD02022E7790046DA05 /* LGPhotoPickerGroup.m in Sources */ = {isa = PBXBuildFile; fileRef = 84F7AAA62022E6D00046DA05 /* LGPhotoPickerGroup.m */; };
		84F7AAD12022E7790046DA05 /* LGPhotoPickerAssetsViewController.m in Sources */ = {isa = PBXBuildFile; fileRef = 84F7AAA92022E6D00046DA05 /* LGPhotoPickerAssetsViewController.m */; };
		84F7AAD22022E7790046DA05 /* LGPhotoPickerGroupViewController.m in Sources */ = {isa = PBXBuildFile; fileRef = 84F7AAAB2022E6D00046DA05 /* LGPhotoPickerGroupViewController.m */; };
		84F7AAD32022E7790046DA05 /* LGPhotoPickerViewController.m in Sources */ = {isa = PBXBuildFile; fileRef = 84F7AAAD2022E6D00046DA05 /* LGPhotoPickerViewController.m */; };
		84F7AAD42022E7790046DA05 /* LGPhotoPickerCollectionView.m in Sources */ = {isa = PBXBuildFile; fileRef = 84F7AAB02022E6D00046DA05 /* LGPhotoPickerCollectionView.m */; };
		84F7AAD52022E7790046DA05 /* LGPhotoPickerCollectionViewCell.m in Sources */ = {isa = PBXBuildFile; fileRef = 84F7AAB22022E6D00046DA05 /* LGPhotoPickerCollectionViewCell.m */; };
		84F7AAD62022E7790046DA05 /* LGPhotoPickerFooterCollectionReusableView.m in Sources */ = {isa = PBXBuildFile; fileRef = 84F7AAB42022E6D00046DA05 /* LGPhotoPickerFooterCollectionReusableView.m */; };
		84F7AAD72022E7790046DA05 /* LGPhotoPickerGroupTableViewCell.m in Sources */ = {isa = PBXBuildFile; fileRef = 84F7AAB62022E6D00046DA05 /* LGPhotoPickerGroupTableViewCell.m */; };
		84F7AAD82022E7790046DA05 /* LGPhotoPickerImageView.m in Sources */ = {isa = PBXBuildFile; fileRef = 84F7AAB82022E6D00046DA05 /* LGPhotoPickerImageView.m */; };
		84F7AAD92022E7790046DA05 /* DACircularProgressView.m in Sources */ = {isa = PBXBuildFile; fileRef = 84F7AA9E2022E6D00046DA05 /* DACircularProgressView.m */; };
		84F7AADA2022E7790046DA05 /* UIView+Layout.m in Sources */ = {isa = PBXBuildFile; fileRef = 84F7AA9A2022E6D00046DA05 /* UIView+Layout.m */; };
		84F7AADB2022E7790046DA05 /* LGCameraImageView.m in Sources */ = {isa = PBXBuildFile; fileRef = 84F7AABC2022E6D10046DA05 /* LGCameraImageView.m */; };
		84F7AADC2022E7790046DA05 /* ZLCamera.m in Sources */ = {isa = PBXBuildFile; fileRef = 84F7AABE2022E6D10046DA05 /* ZLCamera.m */; };
		84F7AADD2022E7790046DA05 /* ZLCameraImageView.m in Sources */ = {isa = PBXBuildFile; fileRef = 84F7AAC02022E6D10046DA05 /* ZLCameraImageView.m */; };
		84F7AADE2022E7790046DA05 /* ZLCameraView.m in Sources */ = {isa = PBXBuildFile; fileRef = 84F7AAC22022E6D10046DA05 /* ZLCameraView.m */; };
		84F7AADF2022E77A0046DA05 /* ZLCameraViewController.m in Sources */ = {isa = PBXBuildFile; fileRef = 84F7AAC42022E6D10046DA05 /* ZLCameraViewController.m */; };
		84F7AAFE2022EBDA0046DA05 /* NSData+ImageContentType.m in Sources */ = {isa = PBXBuildFile; fileRef = 84F7AAF92022EBC40046DA05 /* NSData+ImageContentType.m */; };
		84F7AAFF2022EBDA0046DA05 /* SDImageCache.m in Sources */ = {isa = PBXBuildFile; fileRef = 84F7AAE52022EBC00046DA05 /* SDImageCache.m */; };
		84F7AB002022EBDA0046DA05 /* SDWebImageCompat.m in Sources */ = {isa = PBXBuildFile; fileRef = 84F7AAEB2022EBC00046DA05 /* SDWebImageCompat.m */; };
		84F7AB012022EBDA0046DA05 /* SDWebImageDecoder.m in Sources */ = {isa = PBXBuildFile; fileRef = 84F7AAEE2022EBC10046DA05 /* SDWebImageDecoder.m */; };
		84F7AB022022EBDA0046DA05 /* SDWebImageDownloader.m in Sources */ = {isa = PBXBuildFile; fileRef = 84F7AAFD2022EBC60046DA05 /* SDWebImageDownloader.m */; };
		84F7AB032022EBDA0046DA05 /* SDWebImageDownloaderOperation.m in Sources */ = {isa = PBXBuildFile; fileRef = 84F7AAF12022EBC20046DA05 /* SDWebImageDownloaderOperation.m */; };
		84F7AB042022EBDA0046DA05 /* SDWebImageManager.m in Sources */ = {isa = PBXBuildFile; fileRef = 84F7AAFB2022EBC40046DA05 /* SDWebImageManager.m */; };
		84F7AB052022EBDA0046DA05 /* SDWebImagePrefetcher.m in Sources */ = {isa = PBXBuildFile; fileRef = 84F7AAEA2022EBC00046DA05 /* SDWebImagePrefetcher.m */; };
		84F7AB062022EBDA0046DA05 /* UIButton+WebCache.m in Sources */ = {isa = PBXBuildFile; fileRef = 84F7AAEF2022EBC10046DA05 /* UIButton+WebCache.m */; };
		84F7AB072022EBDA0046DA05 /* UIImage+GIF.m in Sources */ = {isa = PBXBuildFile; fileRef = 84F7AAF62022EBC30046DA05 /* UIImage+GIF.m */; };
		84F7AB082022EBDA0046DA05 /* UIImage+MultiFormat.m in Sources */ = {isa = PBXBuildFile; fileRef = 84F7AAEC2022EBC10046DA05 /* UIImage+MultiFormat.m */; };
		84F7AB092022EBDA0046DA05 /* UIImageView+HighlightedWebCache.m in Sources */ = {isa = PBXBuildFile; fileRef = 84F7AAED2022EBC10046DA05 /* UIImageView+HighlightedWebCache.m */; };
		84F7AB0A2022EBDA0046DA05 /* UIImageView+WebCache.m in Sources */ = {isa = PBXBuildFile; fileRef = 84F7AAFA2022EBC40046DA05 /* UIImageView+WebCache.m */; };
		84F7AB0B2022EBDA0046DA05 /* UIView+WebCacheOperation.m in Sources */ = {isa = PBXBuildFile; fileRef = 84F7AAE42022EBC00046DA05 /* UIView+WebCacheOperation.m */; };
		84F7AB1C2022FF9A0046DA05 /* btn_back_imagePicker@2x.png in Resources */ = {isa = PBXBuildFile; fileRef = 84F7AB112022FE710046DA05 /* btn_back_imagePicker@2x.png */; };
		84F7AB1D2022FF9A0046DA05 /* checkbox_pic_non@2x.png in Resources */ = {isa = PBXBuildFile; fileRef = 84F7AB0E2022FE700046DA05 /* checkbox_pic_non@2x.png */; };
		84F7AB1E2022FF9A0046DA05 /* checkbox_pic_non2@2x.png in Resources */ = {isa = PBXBuildFile; fileRef = 84F7AB192022FE720046DA05 /* checkbox_pic_non2@2x.png */; };
		84F7AB1F2022FF9A0046DA05 /* checkbox_pic@2x.png in Resources */ = {isa = PBXBuildFile; fileRef = 84F7AB1A2022FE720046DA05 /* checkbox_pic@2x.png */; };
		84F7AB202022FF9A0046DA05 /* checkbox_pic2@2x.png in Resources */ = {isa = PBXBuildFile; fileRef = 84F7AB1B2022FE720046DA05 /* checkbox_pic2@2x.png */; };
		84F7AB212022FF9A0046DA05 /* icon_pic_break@2x.png in Resources */ = {isa = PBXBuildFile; fileRef = 84F7AB0F2022FE710046DA05 /* icon_pic_break@2x.png */; };
		84F7AB222022FF9A0046DA05 /* lock@2x.png in Resources */ = {isa = PBXBuildFile; fileRef = 84F7AB182022FE720046DA05 /* lock@2x.png */; };
		84F7AB232022FF9A0046DA05 /* paizhao.png in Resources */ = {isa = PBXBuildFile; fileRef = 84F7AB102022FE710046DA05 /* paizhao.png */; };
		84F7AB242022FF9A0046DA05 /* paizhao@2x.png in Resources */ = {isa = PBXBuildFile; fileRef = 84F7AB132022FE710046DA05 /* paizhao@2x.png */; };
		84F7AB252022FF9A0046DA05 /* shanguangdeng2.png in Resources */ = {isa = PBXBuildFile; fileRef = 84F7AB0D2022FE700046DA05 /* shanguangdeng2.png */; };
		84F7AB262022FF9A0046DA05 /* shanguangdeng2@2x.png in Resources */ = {isa = PBXBuildFile; fileRef = 84F7AB162022FE720046DA05 /* shanguangdeng2@2x.png */; };
		84F7AB272022FF9A0046DA05 /* X.png in Resources */ = {isa = PBXBuildFile; fileRef = 84F7AB122022FE710046DA05 /* X.png */; };
		84F7AB282022FF9A0046DA05 /* X@2x.png in Resources */ = {isa = PBXBuildFile; fileRef = 84F7AB152022FE710046DA05 /* X@2x.png */; };
		84F7AB292022FF9A0046DA05 /* xiang.png in Resources */ = {isa = PBXBuildFile; fileRef = 84F7AB142022FE710046DA05 /* xiang.png */; };
		84F7AB2A2022FF9A0046DA05 /* xiang@2x.png in Resources */ = {isa = PBXBuildFile; fileRef = 84F7AB172022FE720046DA05 /* xiang@2x.png */; };
/* End PBXBuildFile section */

/* Begin PBXContainerItemProxy section */
		84F7AA652022E0560046DA05 /* PBXContainerItemProxy */ = {
			isa = PBXContainerItemProxy;
			containerPortal = 84F7AA442022E0540046DA05 /* Project object */;
			proxyType = 1;
			remoteGlobalIDString = 84F7AA4B2022E0550046DA05;
			remoteInfo = WYDImageSelector;
		};
/* End PBXContainerItemProxy section */

/* Begin PBXFileReference section */
		84F7AA4C2022E0550046DA05 /* WYDImageSelector.app */ = {isa = PBXFileReference; explicitFileType = wrapper.application; includeInIndex = 0; path = WYDImageSelector.app; sourceTree = BUILT_PRODUCTS_DIR; };
		84F7AA4F2022E0550046DA05 /* AppDelegate.h */ = {isa = PBXFileReference; lastKnownFileType = sourcecode.c.h; path = AppDelegate.h; sourceTree = "<group>"; };
		84F7AA502022E0550046DA05 /* AppDelegate.m */ = {isa = PBXFileReference; lastKnownFileType = sourcecode.c.objc; path = AppDelegate.m; sourceTree = "<group>"; };
		84F7AA522022E0550046DA05 /* ViewController.h */ = {isa = PBXFileReference; lastKnownFileType = sourcecode.c.h; path = ViewController.h; sourceTree = "<group>"; };
		84F7AA532022E0550046DA05 /* ViewController.m */ = {isa = PBXFileReference; lastKnownFileType = sourcecode.c.objc; path = ViewController.m; sourceTree = "<group>"; };
		84F7AA562022E0550046DA05 /* Base */ = {isa = PBXFileReference; lastKnownFileType = file.storyboard; name = Base; path = Base.lproj/Main.storyboard; sourceTree = "<group>"; };
		84F7AA582022E0550046DA05 /* Assets.xcassets */ = {isa = PBXFileReference; lastKnownFileType = folder.assetcatalog; path = Assets.xcassets; sourceTree = "<group>"; };
		84F7AA5B2022E0550046DA05 /* Base */ = {isa = PBXFileReference; lastKnownFileType = file.storyboard; name = Base; path = Base.lproj/LaunchScreen.storyboard; sourceTree = "<group>"; };
		84F7AA5D2022E0550046DA05 /* Info.plist */ = {isa = PBXFileReference; lastKnownFileType = text.plist.xml; path = Info.plist; sourceTree = "<group>"; };
		84F7AA5E2022E0550046DA05 /* main.m */ = {isa = PBXFileReference; lastKnownFileType = sourcecode.c.objc; path = main.m; sourceTree = "<group>"; };
		84F7AA642022E0560046DA05 /* WYDImageSelectorUITests.xctest */ = {isa = PBXFileReference; explicitFileType = wrapper.cfbundle; includeInIndex = 0; path = WYDImageSelectorUITests.xctest; sourceTree = BUILT_PRODUCTS_DIR; };
		84F7AA682022E0560046DA05 /* WYDImageSelectorUITests.m */ = {isa = PBXFileReference; lastKnownFileType = sourcecode.c.objc; path = WYDImageSelectorUITests.m; sourceTree = "<group>"; };
		84F7AA6A2022E0560046DA05 /* Info.plist */ = {isa = PBXFileReference; lastKnownFileType = text.plist.xml; path = Info.plist; sourceTree = "<group>"; };
		84F7AA742022E0C30046DA05 /* ImageCollectionView.h */ = {isa = PBXFileReference; lastKnownFileType = sourcecode.c.h; path = ImageCollectionView.h; sourceTree = "<group>"; };
		84F7AA752022E0C30046DA05 /* ImageCollectionView.m */ = {isa = PBXFileReference; lastKnownFileType = sourcecode.c.objc; path = ImageCollectionView.m; sourceTree = "<group>"; };
		84F7AA7F2022E3140046DA05 /* ImageCollectionCell.h */ = {isa = PBXFileReference; lastKnownFileType = sourcecode.c.h; path = ImageCollectionCell.h; sourceTree = "<group>"; };
		84F7AA802022E3140046DA05 /* ImageCollectionCell.m */ = {isa = PBXFileReference; lastKnownFileType = sourcecode.c.objc; path = ImageCollectionCell.m; sourceTree = "<group>"; };
		84F7AA852022E6D00046DA05 /* LGPhotoPickerBrowserPhoto.h */ = {isa = PBXFileReference; lastKnownFileType = sourcecode.c.h; path = LGPhotoPickerBrowserPhoto.h; sourceTree = "<group>"; };
		84F7AA862022E6D00046DA05 /* LGPhotoPickerBrowserPhoto.m */ = {isa = PBXFileReference; lastKnownFileType = sourcecode.c.objc; path = LGPhotoPickerBrowserPhoto.m; sourceTree = "<group>"; };
		84F7AA872022E6D00046DA05 /* LGPhotoRect.h */ = {isa = PBXFileReference; lastKnownFileType = sourcecode.c.h; path = LGPhotoRect.h; sourceTree = "<group>"; };
		84F7AA882022E6D00046DA05 /* LGPhotoRect.m */ = {isa = PBXFileReference; lastKnownFileType = sourcecode.c.objc; path = LGPhotoRect.m; sourceTree = "<group>"; };
		84F7AA8A2022E6D00046DA05 /* LGPhotoPickerBrowserViewController.h */ = {isa = PBXFileReference; lastKnownFileType = sourcecode.c.h; path = LGPhotoPickerBrowserViewController.h; sourceTree = "<group>"; };
		84F7AA8B2022E6D00046DA05 /* LGPhotoPickerBrowserViewController.m */ = {isa = PBXFileReference; lastKnownFileType = sourcecode.c.objc; path = LGPhotoPickerBrowserViewController.m; sourceTree = "<group>"; };
		84F7AA8D2022E6D00046DA05 /* LGImagePickerSelectView.h */ = {isa = PBXFileReference; lastKnownFileType = sourcecode.c.h; path = LGImagePickerSelectView.h; sourceTree = "<group>"; };
		84F7AA8E2022E6D00046DA05 /* LGImagePickerSelectView.m */ = {isa = PBXFileReference; lastKnownFileType = sourcecode.c.objc; path = LGImagePickerSelectView.m; sourceTree = "<group>"; };
		84F7AA8F2022E6D00046DA05 /* LGPhotoPickerBrowserPhotoImageView.h */ = {isa = PBXFileReference; lastKnownFileType = sourcecode.c.h; path = LGPhotoPickerBrowserPhotoImageView.h; sourceTree = "<group>"; };
		84F7AA902022E6D00046DA05 /* LGPhotoPickerBrowserPhotoImageView.m */ = {isa = PBXFileReference; lastKnownFileType = sourcecode.c.objc; path = LGPhotoPickerBrowserPhotoImageView.m; sourceTree = "<group>"; };
		84F7AA912022E6D00046DA05 /* LGPhotoPickerBrowserPhotoScrollView.h */ = {isa = PBXFileReference; lastKnownFileType = sourcecode.c.h; path = LGPhotoPickerBrowserPhotoScrollView.h; sourceTree = "<group>"; };
		84F7AA922022E6D00046DA05 /* LGPhotoPickerBrowserPhotoScrollView.m */ = {isa = PBXFileReference; lastKnownFileType = sourcecode.c.objc; path = LGPhotoPickerBrowserPhotoScrollView.m; sourceTree = "<group>"; };
		84F7AA932022E6D00046DA05 /* LGPhotoPickerBrowserPhotoView.h */ = {isa = PBXFileReference; lastKnownFileType = sourcecode.c.h; path = LGPhotoPickerBrowserPhotoView.h; sourceTree = "<group>"; };
		84F7AA942022E6D00046DA05 /* LGPhotoPickerBrowserPhotoView.m */ = {isa = PBXFileReference; lastKnownFileType = sourcecode.c.objc; path = LGPhotoPickerBrowserPhotoView.m; sourceTree = "<group>"; };
		84F7AA952022E6D00046DA05 /* LGPhotoPickerCustomToolBarView.h */ = {isa = PBXFileReference; lastKnownFileType = sourcecode.c.h; path = LGPhotoPickerCustomToolBarView.h; sourceTree = "<group>"; };
		84F7AA962022E6D00046DA05 /* LGPhotoPickerCustomToolBarView.m */ = {isa = PBXFileReference; lastKnownFileType = sourcecode.c.objc; path = LGPhotoPickerCustomToolBarView.m; sourceTree = "<group>"; };
		84F7AA992022E6D00046DA05 /* UIView+Layout.h */ = {isa = PBXFileReference; lastKnownFileType = sourcecode.c.h; path = "UIView+Layout.h"; sourceTree = "<group>"; };
		84F7AA9A2022E6D00046DA05 /* UIView+Layout.m */ = {isa = PBXFileReference; lastKnownFileType = sourcecode.c.objc; path = "UIView+Layout.m"; sourceTree = "<group>"; };
		84F7AA9D2022E6D00046DA05 /* DACircularProgressView.h */ = {isa = PBXFileReference; lastKnownFileType = sourcecode.c.h; path = DACircularProgressView.h; sourceTree = "<group>"; };
		84F7AA9E2022E6D00046DA05 /* DACircularProgressView.m */ = {isa = PBXFileReference; lastKnownFileType = sourcecode.c.objc; path = DACircularProgressView.m; sourceTree = "<group>"; };
		84F7AAA12022E6D00046DA05 /* LGPhotoAssets.h */ = {isa = PBXFileReference; lastKnownFileType = sourcecode.c.h; path = LGPhotoAssets.h; sourceTree = "<group>"; };
		84F7AAA22022E6D00046DA05 /* LGPhotoAssets.m */ = {isa = PBXFileReference; lastKnownFileType = sourcecode.c.objc; path = LGPhotoAssets.m; sourceTree = "<group>"; };
		84F7AAA32022E6D00046DA05 /* LGPhotoPickerDatas.h */ = {isa = PBXFileReference; lastKnownFileType = sourcecode.c.h; path = LGPhotoPickerDatas.h; sourceTree = "<group>"; };
		84F7AAA42022E6D00046DA05 /* LGPhotoPickerDatas.m */ = {isa = PBXFileReference; lastKnownFileType = sourcecode.c.objc; path = LGPhotoPickerDatas.m; sourceTree = "<group>"; };
		84F7AAA52022E6D00046DA05 /* LGPhotoPickerGroup.h */ = {isa = PBXFileReference; lastKnownFileType = sourcecode.c.h; path = LGPhotoPickerGroup.h; sourceTree = "<group>"; };
		84F7AAA62022E6D00046DA05 /* LGPhotoPickerGroup.m */ = {isa = PBXFileReference; lastKnownFileType = sourcecode.c.objc; path = LGPhotoPickerGroup.m; sourceTree = "<group>"; };
		84F7AAA82022E6D00046DA05 /* LGPhotoPickerAssetsViewController.h */ = {isa = PBXFileReference; lastKnownFileType = sourcecode.c.h; path = LGPhotoPickerAssetsViewController.h; sourceTree = "<group>"; };
		84F7AAA92022E6D00046DA05 /* LGPhotoPickerAssetsViewController.m */ = {isa = PBXFileReference; lastKnownFileType = sourcecode.c.objc; path = LGPhotoPickerAssetsViewController.m; sourceTree = "<group>"; };
		84F7AAAA2022E6D00046DA05 /* LGPhotoPickerGroupViewController.h */ = {isa = PBXFileReference; lastKnownFileType = sourcecode.c.h; path = LGPhotoPickerGroupViewController.h; sourceTree = "<group>"; };
		84F7AAAB2022E6D00046DA05 /* LGPhotoPickerGroupViewController.m */ = {isa = PBXFileReference; lastKnownFileType = sourcecode.c.objc; path = LGPhotoPickerGroupViewController.m; sourceTree = "<group>"; };
		84F7AAAC2022E6D00046DA05 /* LGPhotoPickerViewController.h */ = {isa = PBXFileReference; lastKnownFileType = sourcecode.c.h; path = LGPhotoPickerViewController.h; sourceTree = "<group>"; };
		84F7AAAD2022E6D00046DA05 /* LGPhotoPickerViewController.m */ = {isa = PBXFileReference; lastKnownFileType = sourcecode.c.objc; path = LGPhotoPickerViewController.m; sourceTree = "<group>"; };
		84F7AAAF2022E6D00046DA05 /* LGPhotoPickerCollectionView.h */ = {isa = PBXFileReference; lastKnownFileType = sourcecode.c.h; path = LGPhotoPickerCollectionView.h; sourceTree = "<group>"; };
		84F7AAB02022E6D00046DA05 /* LGPhotoPickerCollectionView.m */ = {isa = PBXFileReference; lastKnownFileType = sourcecode.c.objc; path = LGPhotoPickerCollectionView.m; sourceTree = "<group>"; };
		84F7AAB12022E6D00046DA05 /* LGPhotoPickerCollectionViewCell.h */ = {isa = PBXFileReference; lastKnownFileType = sourcecode.c.h; path = LGPhotoPickerCollectionViewCell.h; sourceTree = "<group>"; };
		84F7AAB22022E6D00046DA05 /* LGPhotoPickerCollectionViewCell.m */ = {isa = PBXFileReference; lastKnownFileType = sourcecode.c.objc; path = LGPhotoPickerCollectionViewCell.m; sourceTree = "<group>"; };
		84F7AAB32022E6D00046DA05 /* LGPhotoPickerFooterCollectionReusableView.h */ = {isa = PBXFileReference; lastKnownFileType = sourcecode.c.h; path = LGPhotoPickerFooterCollectionReusableView.h; sourceTree = "<group>"; };
		84F7AAB42022E6D00046DA05 /* LGPhotoPickerFooterCollectionReusableView.m */ = {isa = PBXFileReference; lastKnownFileType = sourcecode.c.objc; path = LGPhotoPickerFooterCollectionReusableView.m; sourceTree = "<group>"; };
		84F7AAB52022E6D00046DA05 /* LGPhotoPickerGroupTableViewCell.h */ = {isa = PBXFileReference; lastKnownFileType = sourcecode.c.h; path = LGPhotoPickerGroupTableViewCell.h; sourceTree = "<group>"; };
		84F7AAB62022E6D00046DA05 /* LGPhotoPickerGroupTableViewCell.m */ = {isa = PBXFileReference; lastKnownFileType = sourcecode.c.objc; path = LGPhotoPickerGroupTableViewCell.m; sourceTree = "<group>"; };
		84F7AAB72022E6D00046DA05 /* LGPhotoPickerImageView.h */ = {isa = PBXFileReference; lastKnownFileType = sourcecode.c.h; path = LGPhotoPickerImageView.h; sourceTree = "<group>"; };
		84F7AAB82022E6D00046DA05 /* LGPhotoPickerImageView.m */ = {isa = PBXFileReference; lastKnownFileType = sourcecode.c.objc; path = LGPhotoPickerImageView.m; sourceTree = "<group>"; };
		84F7AAB92022E6D10046DA05 /* LGPhotoPickerCommon.h */ = {isa = PBXFileReference; lastKnownFileType = sourcecode.c.h; path = LGPhotoPickerCommon.h; sourceTree = "<group>"; };
		84F7AABB2022E6D10046DA05 /* LGCameraImageView.h */ = {isa = PBXFileReference; lastKnownFileType = sourcecode.c.h; path = LGCameraImageView.h; sourceTree = "<group>"; };
		84F7AABC2022E6D10046DA05 /* LGCameraImageView.m */ = {isa = PBXFileReference; lastKnownFileType = sourcecode.c.objc; path = LGCameraImageView.m; sourceTree = "<group>"; };
		84F7AABD2022E6D10046DA05 /* ZLCamera.h */ = {isa = PBXFileReference; lastKnownFileType = sourcecode.c.h; path = ZLCamera.h; sourceTree = "<group>"; };
		84F7AABE2022E6D10046DA05 /* ZLCamera.m */ = {isa = PBXFileReference; lastKnownFileType = sourcecode.c.objc; path = ZLCamera.m; sourceTree = "<group>"; };
		84F7AABF2022E6D10046DA05 /* ZLCameraImageView.h */ = {isa = PBXFileReference; lastKnownFileType = sourcecode.c.h; path = ZLCameraImageView.h; sourceTree = "<group>"; };
		84F7AAC02022E6D10046DA05 /* ZLCameraImageView.m */ = {isa = PBXFileReference; lastKnownFileType = sourcecode.c.objc; path = ZLCameraImageView.m; sourceTree = "<group>"; };
		84F7AAC12022E6D10046DA05 /* ZLCameraView.h */ = {isa = PBXFileReference; lastKnownFileType = sourcecode.c.h; path = ZLCameraView.h; sourceTree = "<group>"; };
		84F7AAC22022E6D10046DA05 /* ZLCameraView.m */ = {isa = PBXFileReference; lastKnownFileType = sourcecode.c.objc; path = ZLCameraView.m; sourceTree = "<group>"; };
		84F7AAC32022E6D10046DA05 /* ZLCameraViewController.h */ = {isa = PBXFileReference; lastKnownFileType = sourcecode.c.h; path = ZLCameraViewController.h; sourceTree = "<group>"; };
		84F7AAC42022E6D10046DA05 /* ZLCameraViewController.m */ = {isa = PBXFileReference; lastKnownFileType = sourcecode.c.objc; path = ZLCameraViewController.m; sourceTree = "<group>"; };
		84F7AAC52022E6D10046DA05 /* LGPhoto.h */ = {isa = PBXFileReference; lastKnownFileType = sourcecode.c.h; path = LGPhoto.h; sourceTree = "<group>"; };
		84F7AAE12022EBBF0046DA05 /* UIImage+MultiFormat.h */ = {isa = PBXFileReference; lastKnownFileType = sourcecode.c.h; path = "UIImage+MultiFormat.h"; sourceTree = "<group>"; };
		84F7AAE22022EBBF0046DA05 /* UIImage+GIF.h */ = {isa = PBXFileReference; lastKnownFileType = sourcecode.c.h; path = "UIImage+GIF.h"; sourceTree = "<group>"; };
		84F7AAE32022EBBF0046DA05 /* SDImageCache.h */ = {isa = PBXFileReference; lastKnownFileType = sourcecode.c.h; path = SDImageCache.h; sourceTree = "<group>"; };
		84F7AAE42022EBC00046DA05 /* UIView+WebCacheOperation.m */ = {isa = PBXFileReference; lastKnownFileType = sourcecode.c.objc; path = "UIView+WebCacheOperation.m"; sourceTree = "<group>"; };
		84F7AAE52022EBC00046DA05 /* SDImageCache.m */ = {isa = PBXFileReference; lastKnownFileType = sourcecode.c.objc; path = SDImageCache.m; sourceTree = "<group>"; };
		84F7AAE62022EBC00046DA05 /* SDWebImageCompat.h */ = {isa = PBXFileReference; lastKnownFileType = sourcecode.c.h; path = SDWebImageCompat.h; sourceTree = "<group>"; };
		84F7AAE72022EBC00046DA05 /* SDWebImageDownloaderOperation.h */ = {isa = PBXFileReference; lastKnownFileType = sourcecode.c.h; path = SDWebImageDownloaderOperation.h; sourceTree = "<group>"; };
		84F7AAE82022EBC00046DA05 /* SDWebImageOperation.h */ = {isa = PBXFileReference; lastKnownFileType = sourcecode.c.h; path = SDWebImageOperation.h; sourceTree = "<group>"; };
		84F7AAE92022EBC00046DA05 /* SDWebImageManager.h */ = {isa = PBXFileReference; lastKnownFileType = sourcecode.c.h; path = SDWebImageManager.h; sourceTree = "<group>"; };
		84F7AAEA2022EBC00046DA05 /* SDWebImagePrefetcher.m */ = {isa = PBXFileReference; lastKnownFileType = sourcecode.c.objc; path = SDWebImagePrefetcher.m; sourceTree = "<group>"; };
		84F7AAEB2022EBC00046DA05 /* SDWebImageCompat.m */ = {isa = PBXFileReference; lastKnownFileType = sourcecode.c.objc; path = SDWebImageCompat.m; sourceTree = "<group>"; };
		84F7AAEC2022EBC10046DA05 /* UIImage+MultiFormat.m */ = {isa = PBXFileReference; lastKnownFileType = sourcecode.c.objc; path = "UIImage+MultiFormat.m"; sourceTree = "<group>"; };
		84F7AAED2022EBC10046DA05 /* UIImageView+HighlightedWebCache.m */ = {isa = PBXFileReference; lastKnownFileType = sourcecode.c.objc; path = "UIImageView+HighlightedWebCache.m"; sourceTree = "<group>"; };
		84F7AAEE2022EBC10046DA05 /* SDWebImageDecoder.m */ = {isa = PBXFileReference; lastKnownFileType = sourcecode.c.objc; path = SDWebImageDecoder.m; sourceTree = "<group>"; };
		84F7AAEF2022EBC10046DA05 /* UIButton+WebCache.m */ = {isa = PBXFileReference; lastKnownFileType = sourcecode.c.objc; path = "UIButton+WebCache.m"; sourceTree = "<group>"; };
		84F7AAF02022EBC20046DA05 /* UIView+WebCacheOperation.h */ = {isa = PBXFileReference; lastKnownFileType = sourcecode.c.h; path = "UIView+WebCacheOperation.h"; sourceTree = "<group>"; };
		84F7AAF12022EBC20046DA05 /* SDWebImageDownloaderOperation.m */ = {isa = PBXFileReference; lastKnownFileType = sourcecode.c.objc; path = SDWebImageDownloaderOperation.m; sourceTree = "<group>"; };
		84F7AAF22022EBC20046DA05 /* SDWebImageDownloader.h */ = {isa = PBXFileReference; lastKnownFileType = sourcecode.c.h; path = SDWebImageDownloader.h; sourceTree = "<group>"; };
		84F7AAF32022EBC20046DA05 /* SDWebImagePrefetcher.h */ = {isa = PBXFileReference; lastKnownFileType = sourcecode.c.h; path = SDWebImagePrefetcher.h; sourceTree = "<group>"; };
		84F7AAF42022EBC30046DA05 /* UIImageView+WebCache.h */ = {isa = PBXFileReference; lastKnownFileType = sourcecode.c.h; path = "UIImageView+WebCache.h"; sourceTree = "<group>"; };
		84F7AAF52022EBC30046DA05 /* SDWebImageDecoder.h */ = {isa = PBXFileReference; lastKnownFileType = sourcecode.c.h; path = SDWebImageDecoder.h; sourceTree = "<group>"; };
		84F7AAF62022EBC30046DA05 /* UIImage+GIF.m */ = {isa = PBXFileReference; lastKnownFileType = sourcecode.c.objc; path = "UIImage+GIF.m"; sourceTree = "<group>"; };
		84F7AAF72022EBC40046DA05 /* NSData+ImageContentType.h */ = {isa = PBXFileReference; lastKnownFileType = sourcecode.c.h; path = "NSData+ImageContentType.h"; sourceTree = "<group>"; };
		84F7AAF82022EBC40046DA05 /* UIButton+WebCache.h */ = {isa = PBXFileReference; lastKnownFileType = sourcecode.c.h; path = "UIButton+WebCache.h"; sourceTree = "<group>"; };
		84F7AAF92022EBC40046DA05 /* NSData+ImageContentType.m */ = {isa = PBXFileReference; lastKnownFileType = sourcecode.c.objc; path = "NSData+ImageContentType.m"; sourceTree = "<group>"; };
		84F7AAFA2022EBC40046DA05 /* UIImageView+WebCache.m */ = {isa = PBXFileReference; lastKnownFileType = sourcecode.c.objc; path = "UIImageView+WebCache.m"; sourceTree = "<group>"; };
		84F7AAFB2022EBC40046DA05 /* SDWebImageManager.m */ = {isa = PBXFileReference; lastKnownFileType = sourcecode.c.objc; path = SDWebImageManager.m; sourceTree = "<group>"; };
		84F7AAFC2022EBC50046DA05 /* UIImageView+HighlightedWebCache.h */ = {isa = PBXFileReference; lastKnownFileType = sourcecode.c.h; path = "UIImageView+HighlightedWebCache.h"; sourceTree = "<group>"; };
		84F7AAFD2022EBC60046DA05 /* SDWebImageDownloader.m */ = {isa = PBXFileReference; lastKnownFileType = sourcecode.c.objc; path = SDWebImageDownloader.m; sourceTree = "<group>"; };
		84F7AB0D2022FE700046DA05 /* shanguangdeng2.png */ = {isa = PBXFileReference; lastKnownFileType = image.png; path = shanguangdeng2.png; sourceTree = "<group>"; };
		84F7AB0E2022FE700046DA05 /* checkbox_pic_non@2x.png */ = {isa = PBXFileReference; lastKnownFileType = image.png; path = "checkbox_pic_non@2x.png"; sourceTree = "<group>"; };
		84F7AB0F2022FE710046DA05 /* icon_pic_break@2x.png */ = {isa = PBXFileReference; lastKnownFileType = image.png; path = "icon_pic_break@2x.png"; sourceTree = "<group>"; };
		84F7AB102022FE710046DA05 /* paizhao.png */ = {isa = PBXFileReference; lastKnownFileType = image.png; path = paizhao.png; sourceTree = "<group>"; };
		84F7AB112022FE710046DA05 /* btn_back_imagePicker@2x.png */ = {isa = PBXFileReference; lastKnownFileType = image.png; path = "btn_back_imagePicker@2x.png"; sourceTree = "<group>"; };
		84F7AB122022FE710046DA05 /* X.png */ = {isa = PBXFileReference; lastKnownFileType = image.png; path = X.png; sourceTree = "<group>"; };
		84F7AB132022FE710046DA05 /* paizhao@2x.png */ = {isa = PBXFileReference; lastKnownFileType = image.png; path = "paizhao@2x.png"; sourceTree = "<group>"; };
		84F7AB142022FE710046DA05 /* xiang.png */ = {isa = PBXFileReference; lastKnownFileType = image.png; path = xiang.png; sourceTree = "<group>"; };
		84F7AB152022FE710046DA05 /* X@2x.png */ = {isa = PBXFileReference; lastKnownFileType = image.png; path = "X@2x.png"; sourceTree = "<group>"; };
		84F7AB162022FE720046DA05 /* shanguangdeng2@2x.png */ = {isa = PBXFileReference; lastKnownFileType = image.png; path = "shanguangdeng2@2x.png"; sourceTree = "<group>"; };
		84F7AB172022FE720046DA05 /* xiang@2x.png */ = {isa = PBXFileReference; lastKnownFileType = image.png; path = "xiang@2x.png"; sourceTree = "<group>"; };
		84F7AB182022FE720046DA05 /* lock@2x.png */ = {isa = PBXFileReference; lastKnownFileType = image.png; path = "lock@2x.png"; sourceTree = "<group>"; };
		84F7AB192022FE720046DA05 /* checkbox_pic_non2@2x.png */ = {isa = PBXFileReference; lastKnownFileType = image.png; path = "checkbox_pic_non2@2x.png"; sourceTree = "<group>"; };
		84F7AB1A2022FE720046DA05 /* checkbox_pic@2x.png */ = {isa = PBXFileReference; lastKnownFileType = image.png; path = "checkbox_pic@2x.png"; sourceTree = "<group>"; };
		84F7AB1B2022FE720046DA05 /* checkbox_pic2@2x.png */ = {isa = PBXFileReference; lastKnownFileType = image.png; path = "checkbox_pic2@2x.png"; sourceTree = "<group>"; };
/* End PBXFileReference section */

/* Begin PBXFrameworksBuildPhase section */
		84F7AA492022E0550046DA05 /* Frameworks */ = {
			isa = PBXFrameworksBuildPhase;
			buildActionMask = 2147483647;
			files = (
			);
			runOnlyForDeploymentPostprocessing = 0;
		};
		84F7AA612022E0560046DA05 /* Frameworks */ = {
			isa = PBXFrameworksBuildPhase;
			buildActionMask = 2147483647;
			files = (
			);
			runOnlyForDeploymentPostprocessing = 0;
		};
/* End PBXFrameworksBuildPhase section */

/* Begin PBXGroup section */
		84F7AA432022E0540046DA05 = {
			isa = PBXGroup;
			children = (
				84F7AA4E2022E0550046DA05 /* WYDImageSelector */,
				84F7AA672022E0560046DA05 /* WYDImageSelectorUITests */,
				84F7AA4D2022E0550046DA05 /* Products */,
			);
			sourceTree = "<group>";
		};
		84F7AA4D2022E0550046DA05 /* Products */ = {
			isa = PBXGroup;
			children = (
				84F7AA4C2022E0550046DA05 /* WYDImageSelector.app */,
				84F7AA642022E0560046DA05 /* WYDImageSelectorUITests.xctest */,
			);
			name = Products;
			sourceTree = "<group>";
		};
		84F7AA4E2022E0550046DA05 /* WYDImageSelector */ = {
			isa = PBXGroup;
			children = (
				84F7AAE02022EBA10046DA05 /* SDWebImage */,
				84F7AA732022E0660046DA05 /* WYDImgSelector */,
				84F7AA4F2022E0550046DA05 /* AppDelegate.h */,
				84F7AA502022E0550046DA05 /* AppDelegate.m */,
				84F7AA522022E0550046DA05 /* ViewController.h */,
				84F7AA532022E0550046DA05 /* ViewController.m */,
				84F7AA552022E0550046DA05 /* Main.storyboard */,
				84F7AA582022E0550046DA05 /* Assets.xcassets */,
				84F7AA5A2022E0550046DA05 /* LaunchScreen.storyboard */,
				84F7AA5D2022E0550046DA05 /* Info.plist */,
				84F7AA5E2022E0550046DA05 /* main.m */,
			);
			path = WYDImageSelector;
			sourceTree = "<group>";
		};
		84F7AA672022E0560046DA05 /* WYDImageSelectorUITests */ = {
			isa = PBXGroup;
			children = (
				84F7AA682022E0560046DA05 /* WYDImageSelectorUITests.m */,
				84F7AA6A2022E0560046DA05 /* Info.plist */,
			);
			path = WYDImageSelectorUITests;
			sourceTree = "<group>";
		};
		84F7AA732022E0660046DA05 /* WYDImgSelector */ = {
			isa = PBXGroup;
			children = (
				84F7AB0C2022FE340046DA05 /* resource */,
				84F7AA822022E6A50046DA05 /* MediaPicker */,
				84F7AA742022E0C30046DA05 /* ImageCollectionView.h */,
				84F7AA752022E0C30046DA05 /* ImageCollectionView.m */,
				84F7AA7F2022E3140046DA05 /* ImageCollectionCell.h */,
				84F7AA802022E3140046DA05 /* ImageCollectionCell.m */,
			);
			path = WYDImgSelector;
			sourceTree = "<group>";
		};
		84F7AA822022E6A50046DA05 /* MediaPicker */ = {
			isa = PBXGroup;
			children = (
				84F7AAC52022E6D10046DA05 /* LGPhoto.h */,
				84F7AA832022E6D00046DA05 /* LGPhotoBrowser */,
				84F7AA9F2022E6D00046DA05 /* LGPhotoPicker */,
				84F7AAB92022E6D10046DA05 /* LGPhotoPickerCommon.h */,
				84F7AA9B2022E6D00046DA05 /* Third */,
				84F7AA972022E6D00046DA05 /* Utils */,
				84F7AABA2022E6D10046DA05 /* ZLCamera */,
			);
			path = MediaPicker;
			sourceTree = "<group>";
		};
		84F7AA832022E6D00046DA05 /* LGPhotoBrowser */ = {
			isa = PBXGroup;
			children = (
				84F7AA842022E6D00046DA05 /* Models */,
				84F7AA892022E6D00046DA05 /* ViewControllers */,
				84F7AA8C2022E6D00046DA05 /* Views */,
			);
			path = LGPhotoBrowser;
			sourceTree = "<group>";
		};
		84F7AA842022E6D00046DA05 /* Models */ = {
			isa = PBXGroup;
			children = (
				84F7AA852022E6D00046DA05 /* LGPhotoPickerBrowserPhoto.h */,
				84F7AA862022E6D00046DA05 /* LGPhotoPickerBrowserPhoto.m */,
				84F7AA872022E6D00046DA05 /* LGPhotoRect.h */,
				84F7AA882022E6D00046DA05 /* LGPhotoRect.m */,
			);
			path = Models;
			sourceTree = "<group>";
		};
		84F7AA892022E6D00046DA05 /* ViewControllers */ = {
			isa = PBXGroup;
			children = (
				84F7AA8A2022E6D00046DA05 /* LGPhotoPickerBrowserViewController.h */,
				84F7AA8B2022E6D00046DA05 /* LGPhotoPickerBrowserViewController.m */,
			);
			path = ViewControllers;
			sourceTree = "<group>";
		};
		84F7AA8C2022E6D00046DA05 /* Views */ = {
			isa = PBXGroup;
			children = (
				84F7AA8D2022E6D00046DA05 /* LGImagePickerSelectView.h */,
				84F7AA8E2022E6D00046DA05 /* LGImagePickerSelectView.m */,
				84F7AA8F2022E6D00046DA05 /* LGPhotoPickerBrowserPhotoImageView.h */,
				84F7AA902022E6D00046DA05 /* LGPhotoPickerBrowserPhotoImageView.m */,
				84F7AA912022E6D00046DA05 /* LGPhotoPickerBrowserPhotoScrollView.h */,
				84F7AA922022E6D00046DA05 /* LGPhotoPickerBrowserPhotoScrollView.m */,
				84F7AA932022E6D00046DA05 /* LGPhotoPickerBrowserPhotoView.h */,
				84F7AA942022E6D00046DA05 /* LGPhotoPickerBrowserPhotoView.m */,
				84F7AA952022E6D00046DA05 /* LGPhotoPickerCustomToolBarView.h */,
				84F7AA962022E6D00046DA05 /* LGPhotoPickerCustomToolBarView.m */,
			);
			path = Views;
			sourceTree = "<group>";
		};
		84F7AA972022E6D00046DA05 /* Utils */ = {
			isa = PBXGroup;
			children = (
				84F7AA982022E6D00046DA05 /* Category */,
			);
			path = Utils;
			sourceTree = "<group>";
		};
		84F7AA982022E6D00046DA05 /* Category */ = {
			isa = PBXGroup;
			children = (
				84F7AA992022E6D00046DA05 /* UIView+Layout.h */,
				84F7AA9A2022E6D00046DA05 /* UIView+Layout.m */,
			);
			path = Category;
			sourceTree = "<group>";
		};
		84F7AA9B2022E6D00046DA05 /* Third */ = {
			isa = PBXGroup;
			children = (
				84F7AA9C2022E6D00046DA05 /* DACircularProgress */,
			);
			path = Third;
			sourceTree = "<group>";
		};
		84F7AA9C2022E6D00046DA05 /* DACircularProgress */ = {
			isa = PBXGroup;
			children = (
				84F7AA9D2022E6D00046DA05 /* DACircularProgressView.h */,
				84F7AA9E2022E6D00046DA05 /* DACircularProgressView.m */,
			);
			path = DACircularProgress;
			sourceTree = "<group>";
		};
		84F7AA9F2022E6D00046DA05 /* LGPhotoPicker */ = {
			isa = PBXGroup;
			children = (
				84F7AAA02022E6D00046DA05 /* Models */,
				84F7AAA72022E6D00046DA05 /* ViewControllers */,
				84F7AAAE2022E6D00046DA05 /* Views */,
			);
			path = LGPhotoPicker;
			sourceTree = "<group>";
		};
		84F7AAA02022E6D00046DA05 /* Models */ = {
			isa = PBXGroup;
			children = (
				84F7AAA12022E6D00046DA05 /* LGPhotoAssets.h */,
				84F7AAA22022E6D00046DA05 /* LGPhotoAssets.m */,
				84F7AAA32022E6D00046DA05 /* LGPhotoPickerDatas.h */,
				84F7AAA42022E6D00046DA05 /* LGPhotoPickerDatas.m */,
				84F7AAA52022E6D00046DA05 /* LGPhotoPickerGroup.h */,
				84F7AAA62022E6D00046DA05 /* LGPhotoPickerGroup.m */,
			);
			path = Models;
			sourceTree = "<group>";
		};
		84F7AAA72022E6D00046DA05 /* ViewControllers */ = {
			isa = PBXGroup;
			children = (
				84F7AAA82022E6D00046DA05 /* LGPhotoPickerAssetsViewController.h */,
				84F7AAA92022E6D00046DA05 /* LGPhotoPickerAssetsViewController.m */,
				84F7AAAA2022E6D00046DA05 /* LGPhotoPickerGroupViewController.h */,
				84F7AAAB2022E6D00046DA05 /* LGPhotoPickerGroupViewController.m */,
				84F7AAAC2022E6D00046DA05 /* LGPhotoPickerViewController.h */,
				84F7AAAD2022E6D00046DA05 /* LGPhotoPickerViewController.m */,
			);
			path = ViewControllers;
			sourceTree = "<group>";
		};
		84F7AAAE2022E6D00046DA05 /* Views */ = {
			isa = PBXGroup;
			children = (
				84F7AAAF2022E6D00046DA05 /* LGPhotoPickerCollectionView.h */,
				84F7AAB02022E6D00046DA05 /* LGPhotoPickerCollectionView.m */,
				84F7AAB12022E6D00046DA05 /* LGPhotoPickerCollectionViewCell.h */,
				84F7AAB22022E6D00046DA05 /* LGPhotoPickerCollectionViewCell.m */,
				84F7AAB32022E6D00046DA05 /* LGPhotoPickerFooterCollectionReusableView.h */,
				84F7AAB42022E6D00046DA05 /* LGPhotoPickerFooterCollectionReusableView.m */,
				84F7AAB52022E6D00046DA05 /* LGPhotoPickerGroupTableViewCell.h */,
				84F7AAB62022E6D00046DA05 /* LGPhotoPickerGroupTableViewCell.m */,
				84F7AAB72022E6D00046DA05 /* LGPhotoPickerImageView.h */,
				84F7AAB82022E6D00046DA05 /* LGPhotoPickerImageView.m */,
			);
			path = Views;
			sourceTree = "<group>";
		};
		84F7AABA2022E6D10046DA05 /* ZLCamera */ = {
			isa = PBXGroup;
			children = (
				84F7AABB2022E6D10046DA05 /* LGCameraImageView.h */,
				84F7AABC2022E6D10046DA05 /* LGCameraImageView.m */,
				84F7AABD2022E6D10046DA05 /* ZLCamera.h */,
				84F7AABE2022E6D10046DA05 /* ZLCamera.m */,
				84F7AABF2022E6D10046DA05 /* ZLCameraImageView.h */,
				84F7AAC02022E6D10046DA05 /* ZLCameraImageView.m */,
				84F7AAC12022E6D10046DA05 /* ZLCameraView.h */,
				84F7AAC22022E6D10046DA05 /* ZLCameraView.m */,
				84F7AAC32022E6D10046DA05 /* ZLCameraViewController.h */,
				84F7AAC42022E6D10046DA05 /* ZLCameraViewController.m */,
			);
			path = ZLCamera;
			sourceTree = "<group>";
		};
		84F7AAE02022EBA10046DA05 /* SDWebImage */ = {
			isa = PBXGroup;
			children = (
				84F7AAF72022EBC40046DA05 /* NSData+ImageContentType.h */,
				84F7AAF92022EBC40046DA05 /* NSData+ImageContentType.m */,
				84F7AAE32022EBBF0046DA05 /* SDImageCache.h */,
				84F7AAE52022EBC00046DA05 /* SDImageCache.m */,
				84F7AAE62022EBC00046DA05 /* SDWebImageCompat.h */,
				84F7AAEB2022EBC00046DA05 /* SDWebImageCompat.m */,
				84F7AAF52022EBC30046DA05 /* SDWebImageDecoder.h */,
				84F7AAEE2022EBC10046DA05 /* SDWebImageDecoder.m */,
				84F7AAF22022EBC20046DA05 /* SDWebImageDownloader.h */,
				84F7AAFD2022EBC60046DA05 /* SDWebImageDownloader.m */,
				84F7AAE72022EBC00046DA05 /* SDWebImageDownloaderOperation.h */,
				84F7AAF12022EBC20046DA05 /* SDWebImageDownloaderOperation.m */,
				84F7AAE92022EBC00046DA05 /* SDWebImageManager.h */,
				84F7AAFB2022EBC40046DA05 /* SDWebImageManager.m */,
				84F7AAE82022EBC00046DA05 /* SDWebImageOperation.h */,
				84F7AAF32022EBC20046DA05 /* SDWebImagePrefetcher.h */,
				84F7AAEA2022EBC00046DA05 /* SDWebImagePrefetcher.m */,
				84F7AAF82022EBC40046DA05 /* UIButton+WebCache.h */,
				84F7AAEF2022EBC10046DA05 /* UIButton+WebCache.m */,
				84F7AAE22022EBBF0046DA05 /* UIImage+GIF.h */,
				84F7AAF62022EBC30046DA05 /* UIImage+GIF.m */,
				84F7AAE12022EBBF0046DA05 /* UIImage+MultiFormat.h */,
				84F7AAEC2022EBC10046DA05 /* UIImage+MultiFormat.m */,
				84F7AAFC2022EBC50046DA05 /* UIImageView+HighlightedWebCache.h */,
				84F7AAED2022EBC10046DA05 /* UIImageView+HighlightedWebCache.m */,
				84F7AAF42022EBC30046DA05 /* UIImageView+WebCache.h */,
				84F7AAFA2022EBC40046DA05 /* UIImageView+WebCache.m */,
				84F7AAF02022EBC20046DA05 /* UIView+WebCacheOperation.h */,
				84F7AAE42022EBC00046DA05 /* UIView+WebCacheOperation.m */,
			);
			path = SDWebImage;
			sourceTree = "<group>";
		};
		84F7AB0C2022FE340046DA05 /* resource */ = {
			isa = PBXGroup;
			children = (
				84F7AB112022FE710046DA05 /* btn_back_imagePicker@2x.png */,
				84F7AB0E2022FE700046DA05 /* checkbox_pic_non@2x.png */,
				84F7AB192022FE720046DA05 /* checkbox_pic_non2@2x.png */,
				84F7AB1A2022FE720046DA05 /* checkbox_pic@2x.png */,
				84F7AB1B2022FE720046DA05 /* checkbox_pic2@2x.png */,
				84F7AB0F2022FE710046DA05 /* icon_pic_break@2x.png */,
				84F7AB182022FE720046DA05 /* lock@2x.png */,
				84F7AB102022FE710046DA05 /* paizhao.png */,
				84F7AB132022FE710046DA05 /* paizhao@2x.png */,
				84F7AB0D2022FE700046DA05 /* shanguangdeng2.png */,
				84F7AB162022FE720046DA05 /* shanguangdeng2@2x.png */,
				84F7AB122022FE710046DA05 /* X.png */,
				84F7AB152022FE710046DA05 /* X@2x.png */,
				84F7AB142022FE710046DA05 /* xiang.png */,
				84F7AB172022FE720046DA05 /* xiang@2x.png */,
			);
			path = resource;
			sourceTree = "<group>";
		};
/* End PBXGroup section */

/* Begin PBXNativeTarget section */
		84F7AA4B2022E0550046DA05 /* WYDImageSelector */ = {
			isa = PBXNativeTarget;
			buildConfigurationList = 84F7AA6D2022E0560046DA05 /* Build configuration list for PBXNativeTarget "WYDImageSelector" */;
			buildPhases = (
				84F7AA482022E0550046DA05 /* Sources */,
				84F7AA492022E0550046DA05 /* Frameworks */,
				84F7AA4A2022E0550046DA05 /* Resources */,
			);
			buildRules = (
			);
			dependencies = (
			);
			name = WYDImageSelector;
			productName = WYDImageSelector;
			productReference = 84F7AA4C2022E0550046DA05 /* WYDImageSelector.app */;
			productType = "com.apple.product-type.application";
		};
		84F7AA632022E0560046DA05 /* WYDImageSelectorUITests */ = {
			isa = PBXNativeTarget;
			buildConfigurationList = 84F7AA702022E0560046DA05 /* Build configuration list for PBXNativeTarget "WYDImageSelectorUITests" */;
			buildPhases = (
				84F7AA602022E0560046DA05 /* Sources */,
				84F7AA612022E0560046DA05 /* Frameworks */,
				84F7AA622022E0560046DA05 /* Resources */,
			);
			buildRules = (
			);
			dependencies = (
				84F7AA662022E0560046DA05 /* PBXTargetDependency */,
			);
			name = WYDImageSelectorUITests;
			productName = WYDImageSelectorUITests;
			productReference = 84F7AA642022E0560046DA05 /* WYDImageSelectorUITests.xctest */;
			productType = "com.apple.product-type.bundle.ui-testing";
		};
/* End PBXNativeTarget section */

/* Begin PBXProject section */
		84F7AA442022E0540046DA05 /* Project object */ = {
			isa = PBXProject;
			attributes = {
				LastUpgradeCheck = 0900;
				ORGANIZATIONNAME = wanyudong;
				TargetAttributes = {
					84F7AA4B2022E0550046DA05 = {
						CreatedOnToolsVersion = 9.0;
						ProvisioningStyle = Automatic;
					};
					84F7AA632022E0560046DA05 = {
						CreatedOnToolsVersion = 9.0;
						ProvisioningStyle = Automatic;
						TestTargetID = 84F7AA4B2022E0550046DA05;
					};
				};
			};
			buildConfigurationList = 84F7AA472022E0540046DA05 /* Build configuration list for PBXProject "WYDImageSelector" */;
			compatibilityVersion = "Xcode 8.0";
			developmentRegion = en;
			hasScannedForEncodings = 0;
			knownRegions = (
				en,
				Base,
			);
			mainGroup = 84F7AA432022E0540046DA05;
			productRefGroup = 84F7AA4D2022E0550046DA05 /* Products */;
			projectDirPath = "";
			projectRoot = "";
			targets = (
				84F7AA4B2022E0550046DA05 /* WYDImageSelector */,
				84F7AA632022E0560046DA05 /* WYDImageSelectorUITests */,
			);
		};
/* End PBXProject section */

/* Begin PBXResourcesBuildPhase section */
		84F7AA4A2022E0550046DA05 /* Resources */ = {
			isa = PBXResourcesBuildPhase;
			buildActionMask = 2147483647;
			files = (
				84F7AB1C2022FF9A0046DA05 /* btn_back_imagePicker@2x.png in Resources */,
				84F7AB1D2022FF9A0046DA05 /* checkbox_pic_non@2x.png in Resources */,
				84F7AB1E2022FF9A0046DA05 /* checkbox_pic_non2@2x.png in Resources */,
				84F7AB1F2022FF9A0046DA05 /* checkbox_pic@2x.png in Resources */,
				84F7AB202022FF9A0046DA05 /* checkbox_pic2@2x.png in Resources */,
				84F7AB212022FF9A0046DA05 /* icon_pic_break@2x.png in Resources */,
				84F7AB222022FF9A0046DA05 /* lock@2x.png in Resources */,
				84F7AB232022FF9A0046DA05 /* paizhao.png in Resources */,
				84F7AB242022FF9A0046DA05 /* paizhao@2x.png in Resources */,
				84F7AB252022FF9A0046DA05 /* shanguangdeng2.png in Resources */,
				84F7AB262022FF9A0046DA05 /* shanguangdeng2@2x.png in Resources */,
				84F7AB272022FF9A0046DA05 /* X.png in Resources */,
				84F7AB282022FF9A0046DA05 /* X@2x.png in Resources */,
				84F7AB292022FF9A0046DA05 /* xiang.png in Resources */,
				84F7AB2A2022FF9A0046DA05 /* xiang@2x.png in Resources */,
				84F7AA5C2022E0550046DA05 /* LaunchScreen.storyboard in Resources */,
				84F7AA592022E0550046DA05 /* Assets.xcassets in Resources */,
				84F7AA572022E0550046DA05 /* Main.storyboard in Resources */,
			);
			runOnlyForDeploymentPostprocessing = 0;
		};
		84F7AA622022E0560046DA05 /* Resources */ = {
			isa = PBXResourcesBuildPhase;
			buildActionMask = 2147483647;
			files = (
			);
			runOnlyForDeploymentPostprocessing = 0;
		};
/* End PBXResourcesBuildPhase section */

/* Begin PBXSourcesBuildPhase section */
		84F7AA482022E0550046DA05 /* Sources */ = {
			isa = PBXSourcesBuildPhase;
			buildActionMask = 2147483647;
			files = (
				84F7AAFE2022EBDA0046DA05 /* NSData+ImageContentType.m in Sources */,
				84F7AAFF2022EBDA0046DA05 /* SDImageCache.m in Sources */,
				84F7AB002022EBDA0046DA05 /* SDWebImageCompat.m in Sources */,
				84F7AB012022EBDA0046DA05 /* SDWebImageDecoder.m in Sources */,
				84F7AB022022EBDA0046DA05 /* SDWebImageDownloader.m in Sources */,
				84F7AB032022EBDA0046DA05 /* SDWebImageDownloaderOperation.m in Sources */,
				84F7AB042022EBDA0046DA05 /* SDWebImageManager.m in Sources */,
				84F7AB052022EBDA0046DA05 /* SDWebImagePrefetcher.m in Sources */,
				84F7AB062022EBDA0046DA05 /* UIButton+WebCache.m in Sources */,
				84F7AB072022EBDA0046DA05 /* UIImage+GIF.m in Sources */,
				84F7AB082022EBDA0046DA05 /* UIImage+MultiFormat.m in Sources */,
				84F7AB092022EBDA0046DA05 /* UIImageView+HighlightedWebCache.m in Sources */,
				84F7AB0A2022EBDA0046DA05 /* UIImageView+WebCache.m in Sources */,
				84F7AB0B2022EBDA0046DA05 /* UIView+WebCacheOperation.m in Sources */,
				84F7AAC62022E7790046DA05 /* LGPhotoPickerBrowserPhoto.m in Sources */,
				84F7AAC72022E7790046DA05 /* LGPhotoRect.m in Sources */,
				84F7AAC82022E7790046DA05 /* LGPhotoPickerBrowserViewController.m in Sources */,
				84F7AAC92022E7790046DA05 /* LGImagePickerSelectView.m in Sources */,
				84F7AACA2022E7790046DA05 /* LGPhotoPickerBrowserPhotoImageView.m in Sources */,
				84F7AACB2022E7790046DA05 /* LGPhotoPickerBrowserPhotoScrollView.m in Sources */,
				84F7AACC2022E7790046DA05 /* LGPhotoPickerBrowserPhotoView.m in Sources */,
				84F7AACD2022E7790046DA05 /* LGPhotoPickerCustomToolBarView.m in Sources */,
				84F7AACE2022E7790046DA05 /* LGPhotoAssets.m in Sources */,
				84F7AACF2022E7790046DA05 /* LGPhotoPickerDatas.m in Sources */,
				84F7AAD02022E7790046DA05 /* LGPhotoPickerGroup.m in Sources */,
				84F7AAD12022E7790046DA05 /* LGPhotoPickerAssetsViewController.m in Sources */,
				84F7AAD22022E7790046DA05 /* LGPhotoPickerGroupViewController.m in Sources */,
				84F7AAD32022E7790046DA05 /* LGPhotoPickerViewController.m in Sources */,
				84F7AAD42022E7790046DA05 /* LGPhotoPickerCollectionView.m in Sources */,
				84F7AAD52022E7790046DA05 /* LGPhotoPickerCollectionViewCell.m in Sources */,
				84F7AAD62022E7790046DA05 /* LGPhotoPickerFooterCollectionReusableView.m in Sources */,
				84F7AAD72022E7790046DA05 /* LGPhotoPickerGroupTableViewCell.m in Sources */,
				84F7AAD82022E7790046DA05 /* LGPhotoPickerImageView.m in Sources */,
				84F7AAD92022E7790046DA05 /* DACircularProgressView.m in Sources */,
				84F7AADA2022E7790046DA05 /* UIView+Layout.m in Sources */,
				84F7AADB2022E7790046DA05 /* LGCameraImageView.m in Sources */,
				84F7AADC2022E7790046DA05 /* ZLCamera.m in Sources */,
				84F7AADD2022E7790046DA05 /* ZLCameraImageView.m in Sources */,
				84F7AADE2022E7790046DA05 /* ZLCameraView.m in Sources */,
				84F7AADF2022E77A0046DA05 /* ZLCameraViewController.m in Sources */,
				84F7AA812022E3140046DA05 /* ImageCollectionCell.m in Sources */,
				84F7AA542022E0550046DA05 /* ViewController.m in Sources */,
				84F7AA5F2022E0550046DA05 /* main.m in Sources */,
				84F7AA762022E0C30046DA05 /* ImageCollectionView.m in Sources */,
				84F7AA512022E0550046DA05 /* AppDelegate.m in Sources */,
			);
			runOnlyForDeploymentPostprocessing = 0;
		};
		84F7AA602022E0560046DA05 /* Sources */ = {
			isa = PBXSourcesBuildPhase;
			buildActionMask = 2147483647;
			files = (
				84F7AA692022E0560046DA05 /* WYDImageSelectorUITests.m in Sources */,
			);
			runOnlyForDeploymentPostprocessing = 0;
		};
/* End PBXSourcesBuildPhase section */

/* Begin PBXTargetDependency section */
		84F7AA662022E0560046DA05 /* PBXTargetDependency */ = {
			isa = PBXTargetDependency;
			target = 84F7AA4B2022E0550046DA05 /* WYDImageSelector */;
			targetProxy = 84F7AA652022E0560046DA05 /* PBXContainerItemProxy */;
		};
/* End PBXTargetDependency section */

/* Begin PBXVariantGroup section */
		84F7AA552022E0550046DA05 /* Main.storyboard */ = {
			isa = PBXVariantGroup;
			children = (
				84F7AA562022E0550046DA05 /* Base */,
			);
			name = Main.storyboard;
			sourceTree = "<group>";
		};
		84F7AA5A2022E0550046DA05 /* LaunchScreen.storyboard */ = {
			isa = PBXVariantGroup;
			children = (
				84F7AA5B2022E0550046DA05 /* Base */,
			);
			name = LaunchScreen.storyboard;
			sourceTree = "<group>";
		};
/* End PBXVariantGroup section */

/* Begin XCBuildConfiguration section */
		84F7AA6B2022E0560046DA05 /* Debug */ = {
			isa = XCBuildConfiguration;
			buildSettings = {
				ALWAYS_SEARCH_USER_PATHS = NO;
				CLANG_ANALYZER_NONNULL = YES;
				CLANG_ANALYZER_NUMBER_OBJECT_CONVERSION = YES_AGGRESSIVE;
				CLANG_CXX_LANGUAGE_STANDARD = "gnu++14";
				CLANG_CXX_LIBRARY = "libc++";
				CLANG_ENABLE_MODULES = YES;
				CLANG_ENABLE_OBJC_ARC = YES;
				CLANG_WARN_BLOCK_CAPTURE_AUTORELEASING = YES;
				CLANG_WARN_BOOL_CONVERSION = YES;
				CLANG_WARN_COMMA = YES;
				CLANG_WARN_CONSTANT_CONVERSION = YES;
				CLANG_WARN_DIRECT_OBJC_ISA_USAGE = YES_ERROR;
				CLANG_WARN_DOCUMENTATION_COMMENTS = YES;
				CLANG_WARN_EMPTY_BODY = YES;
				CLANG_WARN_ENUM_CONVERSION = YES;
				CLANG_WARN_INFINITE_RECURSION = YES;
				CLANG_WARN_INT_CONVERSION = YES;
				CLANG_WARN_NON_LITERAL_NULL_CONVERSION = YES;
				CLANG_WARN_OBJC_LITERAL_CONVERSION = YES;
				CLANG_WARN_OBJC_ROOT_CLASS = YES_ERROR;
				CLANG_WARN_RANGE_LOOP_ANALYSIS = YES;
				CLANG_WARN_STRICT_PROTOTYPES = YES;
				CLANG_WARN_SUSPICIOUS_MOVE = YES;
				CLANG_WARN_UNGUARDED_AVAILABILITY = YES_AGGRESSIVE;
				CLANG_WARN_UNREACHABLE_CODE = YES;
				CLANG_WARN__DUPLICATE_METHOD_MATCH = YES;
				CODE_SIGN_IDENTITY = "iPhone Developer";
				COPY_PHASE_STRIP = NO;
				DEBUG_INFORMATION_FORMAT = dwarf;
				ENABLE_STRICT_OBJC_MSGSEND = YES;
				ENABLE_TESTABILITY = YES;
				GCC_C_LANGUAGE_STANDARD = gnu11;
				GCC_DYNAMIC_NO_PIC = NO;
				GCC_NO_COMMON_BLOCKS = YES;
				GCC_OPTIMIZATION_LEVEL = 0;
				GCC_PREPROCESSOR_DEFINITIONS = (
					"DEBUG=1",
					"$(inherited)",
				);
				GCC_WARN_64_TO_32_BIT_CONVERSION = YES;
				GCC_WARN_ABOUT_RETURN_TYPE = YES_ERROR;
				GCC_WARN_UNDECLARED_SELECTOR = YES;
				GCC_WARN_UNINITIALIZED_AUTOS = YES_AGGRESSIVE;
				GCC_WARN_UNUSED_FUNCTION = YES;
				GCC_WARN_UNUSED_VARIABLE = YES;
				IPHONEOS_DEPLOYMENT_TARGET = 11.0;
				MTL_ENABLE_DEBUG_INFO = YES;
				ONLY_ACTIVE_ARCH = YES;
				SDKROOT = iphoneos;
			};
			name = Debug;
		};
		84F7AA6C2022E0560046DA05 /* Release */ = {
			isa = XCBuildConfiguration;
			buildSettings = {
				ALWAYS_SEARCH_USER_PATHS = NO;
				CLANG_ANALYZER_NONNULL = YES;
				CLANG_ANALYZER_NUMBER_OBJECT_CONVERSION = YES_AGGRESSIVE;
				CLANG_CXX_LANGUAGE_STANDARD = "gnu++14";
				CLANG_CXX_LIBRARY = "libc++";
				CLANG_ENABLE_MODULES = YES;
				CLANG_ENABLE_OBJC_ARC = YES;
				CLANG_WARN_BLOCK_CAPTURE_AUTORELEASING = YES;
				CLANG_WARN_BOOL_CONVERSION = YES;
				CLANG_WARN_COMMA = YES;
				CLANG_WARN_CONSTANT_CONVERSION = YES;
				CLANG_WARN_DIRECT_OBJC_ISA_USAGE = YES_ERROR;
				CLANG_WARN_DOCUMENTATION_COMMENTS = YES;
				CLANG_WARN_EMPTY_BODY = YES;
				CLANG_WARN_ENUM_CONVERSION = YES;
				CLANG_WARN_INFINITE_RECURSION = YES;
				CLANG_WARN_INT_CONVERSION = YES;
				CLANG_WARN_NON_LITERAL_NULL_CONVERSION = YES;
				CLANG_WARN_OBJC_LITERAL_CONVERSION = YES;
				CLANG_WARN_OBJC_ROOT_CLASS = YES_ERROR;
				CLANG_WARN_RANGE_LOOP_ANALYSIS = YES;
				CLANG_WARN_STRICT_PROTOTYPES = YES;
				CLANG_WARN_SUSPICIOUS_MOVE = YES;
				CLANG_WARN_UNGUARDED_AVAILABILITY = YES_AGGRESSIVE;
				CLANG_WARN_UNREACHABLE_CODE = YES;
				CLANG_WARN__DUPLICATE_METHOD_MATCH = YES;
				CODE_SIGN_IDENTITY = "iPhone Developer";
				COPY_PHASE_STRIP = NO;
				DEBUG_INFORMATION_FORMAT = "dwarf-with-dsym";
				ENABLE_NS_ASSERTIONS = NO;
				ENABLE_STRICT_OBJC_MSGSEND = YES;
				GCC_C_LANGUAGE_STANDARD = gnu11;
				GCC_NO_COMMON_BLOCKS = YES;
				GCC_WARN_64_TO_32_BIT_CONVERSION = YES;
				GCC_WARN_ABOUT_RETURN_TYPE = YES_ERROR;
				GCC_WARN_UNDECLARED_SELECTOR = YES;
				GCC_WARN_UNINITIALIZED_AUTOS = YES_AGGRESSIVE;
				GCC_WARN_UNUSED_FUNCTION = YES;
				GCC_WARN_UNUSED_VARIABLE = YES;
				IPHONEOS_DEPLOYMENT_TARGET = 11.0;
				MTL_ENABLE_DEBUG_INFO = NO;
				SDKROOT = iphoneos;
				VALIDATE_PRODUCT = YES;
			};
			name = Release;
		};
		84F7AA6E2022E0560046DA05 /* Debug */ = {
			isa = XCBuildConfiguration;
			buildSettings = {
				ASSETCATALOG_COMPILER_APPICON_NAME = AppIcon;
				CODE_SIGN_STYLE = Automatic;
				DEVELOPMENT_TEAM = 4C93GQS46H;
				INFOPLIST_FILE = WYDImageSelector/Info.plist;
				LD_RUNPATH_SEARCH_PATHS = "$(inherited) @executable_path/Frameworks";
				PRODUCT_BUNDLE_IDENTIFIER = com.david.WYDImageSelector;
				PRODUCT_NAME = "$(TARGET_NAME)";
				TARGETED_DEVICE_FAMILY = "1,2";
			};
			name = Debug;
		};
		84F7AA6F2022E0560046DA05 /* Release */ = {
			isa = XCBuildConfiguration;
			buildSettings = {
				ASSETCATALOG_COMPILER_APPICON_NAME = AppIcon;
				CODE_SIGN_STYLE = Automatic;
				DEVELOPMENT_TEAM = 4C93GQS46H;
				INFOPLIST_FILE = WYDImageSelector/Info.plist;
				LD_RUNPATH_SEARCH_PATHS = "$(inherited) @executable_path/Frameworks";
				PRODUCT_BUNDLE_IDENTIFIER = com.david.WYDImageSelector;
				PRODUCT_NAME = "$(TARGET_NAME)";
				TARGETED_DEVICE_FAMILY = "1,2";
			};
			name = Release;
		};
		84F7AA712022E0560046DA05 /* Debug */ = {
			isa = XCBuildConfiguration;
			buildSettings = {
				CODE_SIGN_STYLE = Automatic;
				DEVELOPMENT_TEAM = 4C93GQS46H;
				INFOPLIST_FILE = WYDImageSelectorUITests/Info.plist;
				LD_RUNPATH_SEARCH_PATHS = "$(inherited) @executable_path/Frameworks @loader_path/Frameworks";
				PRODUCT_BUNDLE_IDENTIFIER = com.david.WYDImageSelectorUITests;
				PRODUCT_NAME = "$(TARGET_NAME)";
				TARGETED_DEVICE_FAMILY = "1,2";
				TEST_TARGET_NAME = WYDImageSelector;
			};
			name = Debug;
		};
		84F7AA722022E0560046DA05 /* Release */ = {
			isa = XCBuildConfiguration;
			buildSettings = {
				CODE_SIGN_STYLE = Automatic;
				DEVELOPMENT_TEAM = 4C93GQS46H;
				INFOPLIST_FILE = WYDImageSelectorUITests/Info.plist;
				LD_RUNPATH_SEARCH_PATHS = "$(inherited) @executable_path/Frameworks @loader_path/Frameworks";
				PRODUCT_BUNDLE_IDENTIFIER = com.david.WYDImageSelectorUITests;
				PRODUCT_NAME = "$(TARGET_NAME)";
				TARGETED_DEVICE_FAMILY = "1,2";
				TEST_TARGET_NAME = WYDImageSelector;
			};
			name = Release;
		};
/* End XCBuildConfiguration section */

/* Begin XCConfigurationList section */
		84F7AA472022E0540046DA05 /* Build configuration list for PBXProject "WYDImageSelector" */ = {
			isa = XCConfigurationList;
			buildConfigurations = (
				84F7AA6B2022E0560046DA05 /* Debug */,
				84F7AA6C2022E0560046DA05 /* Release */,
			);
			defaultConfigurationIsVisible = 0;
			defaultConfigurationName = Release;
		};
		84F7AA6D2022E0560046DA05 /* Build configuration list for PBXNativeTarget "WYDImageSelector" */ = {
			isa = XCConfigurationList;
			buildConfigurations = (
				84F7AA6E2022E0560046DA05 /* Debug */,
				84F7AA6F2022E0560046DA05 /* Release */,
			);
			defaultConfigurationIsVisible = 0;
			defaultConfigurationName = Release;
		};
		84F7AA702022E0560046DA05 /* Build configuration list for PBXNativeTarget "WYDImageSelectorUITests" */ = {
			isa = XCConfigurationList;
			buildConfigurations = (
				84F7AA712022E0560046DA05 /* Debug */,
				84F7AA722022E0560046DA05 /* Release */,
			);
			defaultConfigurationIsVisible = 0;
			defaultConfigurationName = Release;
		};
/* End XCConfigurationList section */
	};
	rootObject = 84F7AA442022E0540046DA05 /* Project object */;
}
